
Microsoft Visual Studio Solution File, Format Version 12.00
# Visual Studio Version 17
VisualStudioVersion = 17.5.002.0
MinimumVisualStudioVersion = 10.0.40219.1
Project("{9A19103F-16F7-4668-BE54-9A1E7A4F7556}") = "Library", "Library\Library.csproj", "{0E2A697A-87F5-4001-B735-45DB287A365D}"
EndProject
Project("{9A19103F-16F7-4668-BE54-9A1E7A4F7556}") = "SRP", "Program\SRP.csproj", "{57A1C57D-D92E-464B-86F7-365031740C34}"
EndProject
Global
	GlobalSection(SolutionConfigurationPlatforms) = preSolution
		Debug|Any CPU = Debug|Any CPU
		Release|Any CPU = Release|Any CPU
	EndGlobalSection
	GlobalSection(ProjectConfigurationPlatforms) = postSolution
		{0E2A697A-87F5-4001-B735-45DB287A365D}.Debug|Any CPU.ActiveCfg = Debug|Any CPU
		{0E2A697A-87F5-4001-B735-45DB287A365D}.Debug|Any CPU.Build.0 = Debug|Any CPU
		{0E2A697A-87F5-4001-B735-45DB287A365D}.Release|Any CPU.ActiveCfg = Release|Any CPU
		{0E2A697A-87F5-4001-B735-45DB287A365D}.Release|Any CPU.Build.0 = Release|Any CPU
		{57A1C57D-D92E-464B-86F7-365031740C34}.Debug|Any CPU.ActiveCfg = Debug|Any CPU
		{57A1C57D-D92E-464B-86F7-365031740C34}.Debug|Any CPU.Build.0 = Debug|Any CPU
		{57A1C57D-D92E-464B-86F7-365031740C34}.Release|Any CPU.ActiveCfg = Release|Any CPU
		{57A1C57D-D92E-464B-86F7-365031740C34}.Release|Any CPU.Build.0 = Release|Any CPU
	EndGlobalSection
	GlobalSection(SolutionProperties) = preSolution
		HideSolutionNode = FALSE
	EndGlobalSection
	GlobalSection(ExtensibilityGlobals) = postSolution
		SolutionGuid = {B8C214BB-97BD-423A-81C6-D386C3635619}
	EndGlobalSection
EndGlobal
