
Microsoft Visual Studio Solution File, Format Version 12.00
# Visual Studio Version 17
VisualStudioVersion = 17.5.002.0
MinimumVisualStudioVersion = 10.0.40219.1
Project("{9A19103F-16F7-4668-BE54-9A1E7A4F7556}") = "Library", "Library\Library.csproj", "{FD116DBA-3C9E-4C89-AE83-99DF382E30EE}"
EndProject
Project("{9A19103F-16F7-4668-BE54-9A1E7A4F7556}") = "Program", "Program\Program.csproj", "{103F8F09-BFB9-494C-91C0-72A7AC6910F5}"
EndProject
Global
	GlobalSection(SolutionConfigurationPlatforms) = preSolution
		Debug|Any CPU = Debug|Any CPU
		Release|Any CPU = Release|Any CPU
	EndGlobalSection
	GlobalSection(ProjectConfigurationPlatforms) = postSolution
		{FD116DBA-3C9E-4C89-AE83-99DF382E30EE}.Debug|Any CPU.ActiveCfg = Debug|Any CPU
		{FD116DBA-3C9E-4C89-AE83-99DF382E30EE}.Debug|Any CPU.Build.0 = Debug|Any CPU
		{FD116DBA-3C9E-4C89-AE83-99DF382E30EE}.Release|Any CPU.ActiveCfg = Release|Any CPU
		{FD116DBA-3C9E-4C89-AE83-99DF382E30EE}.Release|Any CPU.Build.0 = Release|Any CPU
		{103F8F09-BFB9-494C-91C0-72A7AC6910F5}.Debug|Any CPU.ActiveCfg = Debug|Any CPU
		{103F8F09-BFB9-494C-91C0-72A7AC6910F5}.Debug|Any CPU.Build.0 = Debug|Any CPU
		{103F8F09-BFB9-494C-91C0-72A7AC6910F5}.Release|Any CPU.ActiveCfg = Release|Any CPU
		{103F8F09-BFB9-494C-91C0-72A7AC6910F5}.Release|Any CPU.Build.0 = Release|Any CPU
	EndGlobalSection
	GlobalSection(SolutionProperties) = preSolution
		HideSolutionNode = FALSE
	EndGlobalSection
	GlobalSection(ExtensibilityGlobals) = postSolution
		SolutionGuid = {609E7D3A-FA4B-4F7B-B6FA-D8C9FB36535C}
	EndGlobalSection
EndGlobal
